<?xml version="1.0" encoding="utf-8"?>
<Project ToolsVersion="4.0" xmlns="http://schemas.microsoft.com/developer/msbuild/2003">
  <ItemGroup>
    <Filter Include="imgui">
      <UniqueIdentifier>{20b90ce4-7fcb-4731-b9a0-075f875de82d}</UniqueIdentifier>
    </Filter>
    <Filter Include="sources">
      <UniqueIdentifier>{f18ab499-84e1-499f-8eff-9754361e0e52}</UniqueIdentifier>
      <Extensions>cpp;c;cc;cxx;def;odl;idl;hpj;bat;asm;asmx</Extensions>
    </Filter>
    <Filter Include="implot">
      <UniqueIdentifier>{240b76e4-a0ba-49c5-b934-235406d9ee56}</UniqueIdentifier>
    </Filter>
    <Filter Include="turbovis">
      <UniqueIdentifier>{74cad2aa-daa7-46fd-9930-8de040bd2801}</UniqueIdentifier>
    </Filter>
  </ItemGroup>
  <ItemGroup>
    <ClCompile Include="main.cpp">
      <Filter>sources</Filter>
    </ClCompile>
    <ClCompile Include="..\imgui\imgui.cpp">
      <Filter>imgui</Filter>
    </ClCompile>
    <ClCompile Include="..\imgui\imgui_demo.cpp">
      <Filter>imgui</Filter>
    </ClCompile>
    <ClCompile Include="..\imgui\imgui_draw.cpp">
      <Filter>imgui</Filter>
    </ClCompile>
    <ClCompile Include="..\imgui\imgui_impl_glfw.cpp">
      <Filter>imgui</Filter>
    </ClCompile>
    <ClCompile Include="..\imgui\imgui_impl_opengl3.cpp">
      <Filter>imgui</Filter>
    </ClCompile>
    <ClCompile Include="..\imgui\imgui_tables.cpp">
      <Filter>imgui</Filter>
    </ClCompile>
    <ClCompile Include="..\imgui\imgui_widgets.cpp">
      <Filter>imgui</Filter>
    </ClCompile>
    <ClCompile Include="..\implot\implot.cpp">
      <Filter>implot</Filter>
    </ClCompile>
    <ClCompile Include="..\implot\implot_demo.cpp">
      <Filter>implot</Filter>
    </ClCompile>
    <ClCompile Include="..\implot\implot_items.cpp">
      <Filter>implot</Filter>
    </ClCompile>
    <ClCompile Include="..\turbovisLib\StageContext.cpp">
      <Filter>turbovis</Filter>
    </ClCompile>
    <ClCompile Include="..\turbovisLib\TurboVis.cpp">
      <Filter>turbovis</Filter>
    </ClCompile>
    <ClCompile Include="..\turbovisLib\Vec.cpp">
      <Filter>turbovis</Filter>
    </ClCompile>
    <ClCompile Include="..\turbovisLib\AxialCompressor.cpp">
      <Filter>turbovis</Filter>
    </ClCompile>
    <ClCompile Include="..\turbovisLib\AxialTurbine.cpp">
      <Filter>turbovis</Filter>
    </ClCompile>
    <ClCompile Include="..\turbovisLib\Stage.cpp">
      <Filter>turbovis</Filter>
    </ClCompile>
  </ItemGroup>
  <ItemGroup>
    <ClInclude Include="..\imgui\imconfig.h">
      <Filter>imgui</Filter>
    </ClInclude>
    <ClInclude Include="..\imgui\imgui.h">
      <Filter>imgui</Filter>
    </ClInclude>
    <ClInclude Include="..\imgui\imgui_impl_glfw.h">
      <Filter>imgui</Filter>
    </ClInclude>
    <ClInclude Include="..\imgui\imgui_impl_opengl3.h">
      <Filter>imgui</Filter>
    </ClInclude>
    <ClInclude Include="..\imgui\imgui_impl_opengl3_loader.h">
      <Filter>imgui</Filter>
    </ClInclude>
    <ClInclude Include="..\imgui\imgui_internal.h">
      <Filter>imgui</Filter>
    </ClInclude>
    <ClInclude Include="..\implot\implot.h">
      <Filter>implot</Filter>
    </ClInclude>
    <ClInclude Include="..\implot\implot_internal.h">
      <Filter>implot</Filter>
    </ClInclude>
    <ClInclude Include="..\turbovisLib\Stage.h">
      <Filter>turbovis</Filter>
    </ClInclude>
    <ClInclude Include="..\turbovisLib\StageContext.h">
      <Filter>turbovis</Filter>
    </ClInclude>
    <ClInclude Include="..\turbovisLib\TurboVis.h">
      <Filter>turbovis</Filter>
    </ClInclude>
    <ClInclude Include="..\turbovisLib\Vec.h">
      <Filter>turbovis</Filter>
    </ClInclude>
    <ClInclude Include="..\turbovisLib\AxialCompressor.h">
      <Filter>turbovis</Filter>
    </ClInclude>
    <ClInclude Include="..\turbovisLib\AxialTurbine.h">
      <Filter>turbovis</Filter>
    </ClInclude>
  </ItemGroup>
  <ItemGroup>
    <None Include="Makefile" />
    <None Include="build_win32.bat">
      <Filter>sources</Filter>
    </None>
  </ItemGroup>
</Project>